
Microsoft Visual Studio Solution File, Format Version 12.00
# Visual Studio Version 17
VisualStudioVersion = 17.7.34031.279
MinimumVisualStudioVersion = 10.0.40219.1
Project("{FAE04EC0-301F-11D3-BF4B-00C04F79EFBC}") = "TestApp", "TestApp.csproj", "{139B7D63-7814-42F5-97DE-EE800126E6EE}"
EndProject
Global
	GlobalSection(SolutionConfigurationPlatforms) = preSolution
		Debug|Any CPU = Debug|Any CPU
		Release|Any CPU = Release|Any CPU
	EndGlobalSection
	GlobalSection(ProjectConfigurationPlatforms) = postSolution
		{139B7D63-7814-42F5-97DE-EE800126E6EE}.Debug|Any CPU.ActiveCfg = Debug|Any CPU
		{139B7D63-7814-42F5-97DE-EE800126E6EE}.Debug|Any CPU.Build.0 = Debug|Any CPU
		{139B7D63-7814-42F5-97DE-EE800126E6EE}.Release|Any CPU.ActiveCfg = Release|Any CPU
		{139B7D63-7814-42F5-97DE-EE800126E6EE}.Release|Any CPU.Build.0 = Release|Any CPU
	EndGlobalSection
	GlobalSection(SolutionProperties) = preSolution
		HideSolutionNode = FALSE
	EndGlobalSection
	GlobalSection(ExtensibilityGlobals) = postSolution
		SolutionGuid = {AECACC52-2E43-436A-B021-AF17A877A5FE}
	EndGlobalSection
EndGlobal
